
Microsoft Visual Studio Solution File, Format Version 12.00
# Visual Studio Version 16
VisualStudioVersion = 16.0.32929.386
MinimumVisualStudioVersion = 10.0.40219.1
Project("{FAE04EC0-301F-11D3-BF4B-00C04F79EFBC}") = "Aggregation", "Aggregation\Aggregation.csproj", "{64093624-FD15-4E99-8087-EC2E9C35A1BE}"
EndProject
Global
	GlobalSection(SolutionConfigurationPlatforms) = preSolution
		Debug|Any CPU = Debug|Any CPU
		Release|Any CPU = Release|Any CPU
	EndGlobalSection
	GlobalSection(ProjectConfigurationPlatforms) = postSolution
		{64093624-FD15-4E99-8087-EC2E9C35A1BE}.Debug|Any CPU.ActiveCfg = Debug|Any CPU
		{64093624-FD15-4E99-8087-EC2E9C35A1BE}.Debug|Any CPU.Build.0 = Debug|Any CPU
		{64093624-FD15-4E99-8087-EC2E9C35A1BE}.Release|Any CPU.ActiveCfg = Release|Any CPU
		{64093624-FD15-4E99-8087-EC2E9C35A1BE}.Release|Any CPU.Build.0 = Release|Any CPU
	EndGlobalSection
	GlobalSection(SolutionProperties) = preSolution
		HideSolutionNode = FALSE
	EndGlobalSection
	GlobalSection(ExtensibilityGlobals) = postSolution
		SolutionGuid = {1E6F31DB-8E1F-42F3-B352-8D9087C2248F}
	EndGlobalSection
EndGlobal
