
Microsoft Visual Studio Solution File, Format Version 12.00
# Visual Studio Version 16
VisualStudioVersion = 16.0.32929.386
MinimumVisualStudioVersion = 10.0.40219.1
Project("{FAE04EC0-301F-11D3-BF4B-00C04F79EFBC}") = "ConsoleAppCoupling", "ConsoleAppCoupling\ConsoleAppCoupling.csproj", "{67AE7389-9BDC-4DDC-8EF9-4295862FF1E8}"
EndProject
Global
	GlobalSection(SolutionConfigurationPlatforms) = preSolution
		Debug|Any CPU = Debug|Any CPU
		Release|Any CPU = Release|Any CPU
	EndGlobalSection
	GlobalSection(ProjectConfigurationPlatforms) = postSolution
		{67AE7389-9BDC-4DDC-8EF9-4295862FF1E8}.Debug|Any CPU.ActiveCfg = Debug|Any CPU
		{67AE7389-9BDC-4DDC-8EF9-4295862FF1E8}.Debug|Any CPU.Build.0 = Debug|Any CPU
		{67AE7389-9BDC-4DDC-8EF9-4295862FF1E8}.Release|Any CPU.ActiveCfg = Release|Any CPU
		{67AE7389-9BDC-4DDC-8EF9-4295862FF1E8}.Release|Any CPU.Build.0 = Release|Any CPU
	EndGlobalSection
	GlobalSection(SolutionProperties) = preSolution
		HideSolutionNode = FALSE
	EndGlobalSection
	GlobalSection(ExtensibilityGlobals) = postSolution
		SolutionGuid = {CEC11008-333F-4E74-B05C-11199094B126}
	EndGlobalSection
EndGlobal
