
Microsoft Visual Studio Solution File, Format Version 12.00
# Visual Studio Version 16
VisualStudioVersion = 16.0.32929.386
MinimumVisualStudioVersion = 10.0.40219.1
Project("{FAE04EC0-301F-11D3-BF4B-00C04F79EFBC}") = "DependencyInjection", "DependencyInjection\DependencyInjection.csproj", "{12967C7E-9193-49E4-8CA5-A9CFC169CE46}"
EndProject
Global
	GlobalSection(SolutionConfigurationPlatforms) = preSolution
		Debug|Any CPU = Debug|Any CPU
		Release|Any CPU = Release|Any CPU
	EndGlobalSection
	GlobalSection(ProjectConfigurationPlatforms) = postSolution
		{12967C7E-9193-49E4-8CA5-A9CFC169CE46}.Debug|Any CPU.ActiveCfg = Debug|Any CPU
		{12967C7E-9193-49E4-8CA5-A9CFC169CE46}.Debug|Any CPU.Build.0 = Debug|Any CPU
		{12967C7E-9193-49E4-8CA5-A9CFC169CE46}.Release|Any CPU.ActiveCfg = Release|Any CPU
		{12967C7E-9193-49E4-8CA5-A9CFC169CE46}.Release|Any CPU.Build.0 = Release|Any CPU
	EndGlobalSection
	GlobalSection(SolutionProperties) = preSolution
		HideSolutionNode = FALSE
	EndGlobalSection
	GlobalSection(ExtensibilityGlobals) = postSolution
		SolutionGuid = {76FA7A5E-AEFF-4BFA-8355-A7AD64FAF71A}
	EndGlobalSection
EndGlobal
