
Microsoft Visual Studio Solution File, Format Version 12.00
# Visual Studio Version 16
VisualStudioVersion = 16.0.32929.386
MinimumVisualStudioVersion = 10.0.40219.1
Project("{FAE04EC0-301F-11D3-BF4B-00C04F79EFBC}") = "LooseCoupling", "LooseCoupling\LooseCoupling.csproj", "{1C58FC3A-FC1B-45D7-BAD7-721F04549A1D}"
EndProject
Global
	GlobalSection(SolutionConfigurationPlatforms) = preSolution
		Debug|Any CPU = Debug|Any CPU
		Release|Any CPU = Release|Any CPU
	EndGlobalSection
	GlobalSection(ProjectConfigurationPlatforms) = postSolution
		{1C58FC3A-FC1B-45D7-BAD7-721F04549A1D}.Debug|Any CPU.ActiveCfg = Debug|Any CPU
		{1C58FC3A-FC1B-45D7-BAD7-721F04549A1D}.Debug|Any CPU.Build.0 = Debug|Any CPU
		{1C58FC3A-FC1B-45D7-BAD7-721F04549A1D}.Release|Any CPU.ActiveCfg = Release|Any CPU
		{1C58FC3A-FC1B-45D7-BAD7-721F04549A1D}.Release|Any CPU.Build.0 = Release|Any CPU
	EndGlobalSection
	GlobalSection(SolutionProperties) = preSolution
		HideSolutionNode = FALSE
	EndGlobalSection
	GlobalSection(ExtensibilityGlobals) = postSolution
		SolutionGuid = {2853EF57-C727-4C87-B6D6-8ED206ED027A}
	EndGlobalSection
EndGlobal
