
Microsoft Visual Studio Solution File, Format Version 12.00
# Visual Studio Version 16
VisualStudioVersion = 16.0.32929.386
MinimumVisualStudioVersion = 10.0.40219.1
Project("{FAE04EC0-301F-11D3-BF4B-00C04F79EFBC}") = "CarModal", "CarModal\CarModal.csproj", "{9FF21FA9-9B49-46D0-9D56-5A1BCEA797FB}"
EndProject
Global
	GlobalSection(SolutionConfigurationPlatforms) = preSolution
		Debug|Any CPU = Debug|Any CPU
		Release|Any CPU = Release|Any CPU
	EndGlobalSection
	GlobalSection(ProjectConfigurationPlatforms) = postSolution
		{9FF21FA9-9B49-46D0-9D56-5A1BCEA797FB}.Debug|Any CPU.ActiveCfg = Debug|Any CPU
		{9FF21FA9-9B49-46D0-9D56-5A1BCEA797FB}.Debug|Any CPU.Build.0 = Debug|Any CPU
		{9FF21FA9-9B49-46D0-9D56-5A1BCEA797FB}.Release|Any CPU.ActiveCfg = Release|Any CPU
		{9FF21FA9-9B49-46D0-9D56-5A1BCEA797FB}.Release|Any CPU.Build.0 = Release|Any CPU
	EndGlobalSection
	GlobalSection(SolutionProperties) = preSolution
		HideSolutionNode = FALSE
	EndGlobalSection
	GlobalSection(ExtensibilityGlobals) = postSolution
		SolutionGuid = {A72FA740-81D3-4FD4-8737-9DA8990D5277}
	EndGlobalSection
EndGlobal
