
Microsoft Visual Studio Solution File, Format Version 12.00
# Visual Studio Version 17
VisualStudioVersion = 17.3.32929.385
MinimumVisualStudioVersion = 10.0.40219.1
Project("{FAE04EC0-301F-11D3-BF4B-00C04F79EFBC}") = "Interface", "Interface\Interface.csproj", "{45064A49-4A12-44FE-8AFD-FCF07381C627}"
EndProject
Global
	GlobalSection(SolutionConfigurationPlatforms) = preSolution
		Debug|Any CPU = Debug|Any CPU
		Release|Any CPU = Release|Any CPU
	EndGlobalSection
	GlobalSection(ProjectConfigurationPlatforms) = postSolution
		{45064A49-4A12-44FE-8AFD-FCF07381C627}.Debug|Any CPU.ActiveCfg = Debug|Any CPU
		{45064A49-4A12-44FE-8AFD-FCF07381C627}.Debug|Any CPU.Build.0 = Debug|Any CPU
		{45064A49-4A12-44FE-8AFD-FCF07381C627}.Release|Any CPU.ActiveCfg = Release|Any CPU
		{45064A49-4A12-44FE-8AFD-FCF07381C627}.Release|Any CPU.Build.0 = Release|Any CPU
	EndGlobalSection
	GlobalSection(SolutionProperties) = preSolution
		HideSolutionNode = FALSE
	EndGlobalSection
	GlobalSection(ExtensibilityGlobals) = postSolution
		SolutionGuid = {AE4FE046-11F0-4E8F-B002-8B149C1ADD7F}
	EndGlobalSection
EndGlobal
