
Microsoft Visual Studio Solution File, Format Version 12.00
# Visual Studio Version 16
VisualStudioVersion = 16.0.32929.386
MinimumVisualStudioVersion = 10.0.40219.1
Project("{FAE04EC0-301F-11D3-BF4B-00C04F79EFBC}") = "ConsoleApp4", "ConsoleApp4\ConsoleApp4.csproj", "{C77E24E5-D456-48DB-8E3E-658B4A295CEA}"
EndProject
Project("{FAE04EC0-301F-11D3-BF4B-00C04F79EFBC}") = "ConsoleApp4Tests6", "ConsoleApp4Tests6\ConsoleApp4Tests6.csproj", "{6C680DF0-856B-4FA0-9197-0C5F42E1FAC7}"
EndProject
Global
	GlobalSection(SolutionConfigurationPlatforms) = preSolution
		Debug|Any CPU = Debug|Any CPU
		Release|Any CPU = Release|Any CPU
	EndGlobalSection
	GlobalSection(ProjectConfigurationPlatforms) = postSolution
		{C77E24E5-D456-48DB-8E3E-658B4A295CEA}.Debug|Any CPU.ActiveCfg = Debug|Any CPU
		{C77E24E5-D456-48DB-8E3E-658B4A295CEA}.Debug|Any CPU.Build.0 = Debug|Any CPU
		{C77E24E5-D456-48DB-8E3E-658B4A295CEA}.Release|Any CPU.ActiveCfg = Release|Any CPU
		{C77E24E5-D456-48DB-8E3E-658B4A295CEA}.Release|Any CPU.Build.0 = Release|Any CPU
		{6C680DF0-856B-4FA0-9197-0C5F42E1FAC7}.Debug|Any CPU.ActiveCfg = Debug|Any CPU
		{6C680DF0-856B-4FA0-9197-0C5F42E1FAC7}.Debug|Any CPU.Build.0 = Debug|Any CPU
		{6C680DF0-856B-4FA0-9197-0C5F42E1FAC7}.Release|Any CPU.ActiveCfg = Release|Any CPU
		{6C680DF0-856B-4FA0-9197-0C5F42E1FAC7}.Release|Any CPU.Build.0 = Release|Any CPU
	EndGlobalSection
	GlobalSection(SolutionProperties) = preSolution
		HideSolutionNode = FALSE
	EndGlobalSection
	GlobalSection(ExtensibilityGlobals) = postSolution
		SolutionGuid = {0407FFC0-3EE4-4A31-8292-59F987B6A4BC}
	EndGlobalSection
EndGlobal
